Microsoft Visual Studio Solution File, Format Version 11.00
# Visual Studio 2008

Project("{B0DCAA45-4FD7-0AF0-1E1C-E7E29DDB640A}") = "WaterCycle", "Assembly-CSharp.csproj", "{37CE0D3F-9DB5-99F1-39B4-38044377308D}"
EndProject
Global
	GlobalSection(SolutionConfigurationPlatforms) = preSolution
		Debug|Any CPU = Debug|Any CPU
		Release|Any CPU = Release|Any CPU
	EndGlobalSection
	GlobalSection(ProjectConfigurationPlatforms) = postSolution
		{37CE0D3F-9DB5-99F1-39B4-38044377308D}.Debug|Any CPU.ActiveCfg = Debug|Any CPU
		{37CE0D3F-9DB5-99F1-39B4-38044377308D}.Debug|Any CPU.Build.0 = Debug|Any CPU
		{37CE0D3F-9DB5-99F1-39B4-38044377308D}.Release|Any CPU.ActiveCfg = Release|Any CPU
		{37CE0D3F-9DB5-99F1-39B4-38044377308D}.Release|Any CPU.Build.0 = Release|Any CPU
	EndGlobalSection
	GlobalSection(SolutionProperties) = preSolution
		HideSolutionNode = FALSE
	EndGlobalSection
	GlobalSection(MonoDevelopProperties) = preSolution
		StartupItem = Assembly-CSharp.csproj
	EndGlobalSection
EndGlobal
